
Microsoft Visual Studio Solution File, Format Version 12.00
# Visual Studio Version 17
VisualStudioVersion = 17.14.36401.2
MinimumVisualStudioVersion = 10.0.40219.1
Project("{FAE04EC0-301F-11D3-BF4B-00C04F79EFBC}") = "mcp-client-for-azure-functions", "mcp-client-for-azure-functions\mcp-client-for-azure-functions.csproj", "{B8B693BA-15BA-4D99-9BFD-F8DE9F1C06F4}"
EndProject
Global
	GlobalSection(SolutionConfigurationPlatforms) = preSolution
		Debug|Any CPU = Debug|Any CPU
		Release|Any CPU = Release|Any CPU
	EndGlobalSection
	GlobalSection(ProjectConfigurationPlatforms) = postSolution
		{B8B693BA-15BA-4D99-9BFD-F8DE9F1C06F4}.Debug|Any CPU.ActiveCfg = Debug|Any CPU
		{B8B693BA-15BA-4D99-9BFD-F8DE9F1C06F4}.Debug|Any CPU.Build.0 = Debug|Any CPU
		{B8B693BA-15BA-4D99-9BFD-F8DE9F1C06F4}.Release|Any CPU.ActiveCfg = Release|Any CPU
		{B8B693BA-15BA-4D99-9BFD-F8DE9F1C06F4}.Release|Any CPU.Build.0 = Release|Any CPU
	EndGlobalSection
	GlobalSection(SolutionProperties) = preSolution
		HideSolutionNode = FALSE
	EndGlobalSection
	GlobalSection(ExtensibilityGlobals) = postSolution
		SolutionGuid = {5D7BDB6B-D868-448A-BE27-16E23F49FCC8}
	EndGlobalSection
EndGlobal
